
Microsoft Visual Studio Solution File, Format Version 12.00
# Visual Studio Version 17
VisualStudioVersion = 17.1.32319.34
MinimumVisualStudioVersion = 10.0.40219.1
Project("{FAE04EC0-301F-11D3-BF4B-00C04F79EFBC}") = "klasaString3", "klasaString3.csproj", "{52CBABA8-3A3E-413C-A412-5C85CE09335B}"
EndProject
Global
	GlobalSection(SolutionConfigurationPlatforms) = preSolution
		Debug|Any CPU = Debug|Any CPU
		Release|Any CPU = Release|Any CPU
	EndGlobalSection
	GlobalSection(ProjectConfigurationPlatforms) = postSolution
		{52CBABA8-3A3E-413C-A412-5C85CE09335B}.Debug|Any CPU.ActiveCfg = Debug|Any CPU
		{52CBABA8-3A3E-413C-A412-5C85CE09335B}.Debug|Any CPU.Build.0 = Debug|Any CPU
		{52CBABA8-3A3E-413C-A412-5C85CE09335B}.Release|Any CPU.ActiveCfg = Release|Any CPU
		{52CBABA8-3A3E-413C-A412-5C85CE09335B}.Release|Any CPU.Build.0 = Release|Any CPU
	EndGlobalSection
	GlobalSection(SolutionProperties) = preSolution
		HideSolutionNode = FALSE
	EndGlobalSection
	GlobalSection(ExtensibilityGlobals) = postSolution
		SolutionGuid = {7B6B995E-180C-4805-A9A1-307582C3D13D}
	EndGlobalSection
EndGlobal
